
Microsoft Visual Studio Solution File, Format Version 12.00
# Visual Studio Version 17
VisualStudioVersion = 17.0.31903.59
MinimumVisualStudioVersion = 10.0.40219.1
Project("{F184B08F-C81C-45F6-A57F-5ABD9991F28F}") = "EduVault", "EduVault\EduVault.vbproj", "{D1B2E81D-6039-4BF5-8629-D5D9759581DA}"
EndProject
Global
	GlobalSection(SolutionConfigurationPlatforms) = preSolution
		Debug|Any CPU = Debug|Any CPU
		Release|Any CPU = Release|Any CPU
	EndGlobalSection
	GlobalSection(ProjectConfigurationPlatforms) = postSolution
		{D1B2E81D-6039-4BF5-8629-D5D9759581DA}.Debug|Any CPU.ActiveCfg = Debug|Any CPU
		{D1B2E81D-6039-4BF5-8629-D5D9759581DA}.Debug|Any CPU.Build.0 = Debug|Any CPU
		{D1B2E81D-6039-4BF5-8629-D5D9759581DA}.Release|Any CPU.ActiveCfg = Release|Any CPU
		{D1B2E81D-6039-4BF5-8629-D5D9759581DA}.Release|Any CPU.Build.0 = Release|Any CPU
	EndGlobalSection
EndGlobal
